lockfileVersion: '9.0'

settings:
  autoInstallPeers: true
  excludeLinksFromLockfile: false

importers:

  .:
    dependencies:
      bleed:
        specifier: github:domneo/bleed
        version: https://codeload.github.com/domneo/bleed/tar.gz/9d268eb13daef5898ca8e6c8b980c3b4a335c1b7

packages:

  bleed@https://codeload.github.com/domneo/bleed/tar.gz/9d268eb13daef5898ca8e6c8b980c3b4a335c1b7:
    resolution: {gitHosted: true, tarball: https://codeload.github.com/domneo/bleed/tar.gz/9d268eb13daef5898ca8e6c8b980c3b4a335c1b7}
    version: 1.0.0

snapshots:

  bleed@https://codeload.github.com/domneo/bleed/tar.gz/9d268eb13daef5898ca8e6c8b980c3b4a335c1b7: {}
