lockfileVersion: '9.0'

settings:
  autoInstallPeers: true
  excludeLinksFromLockfile: false

importers:

  .:
    dependencies:
      '@vercel/analytics':
        specifier: ^2.0.1
        version: 2.0.1
      '@vercel/speed-insights':
        specifier: ^2.0.0
        version: 2.0.0
      bleed:
        specifier: github:domneo/bleed
        version: https://codeload.github.com/domneo/bleed/tar.gz/9d268eb13daef5898ca8e6c8b980c3b4a335c1b7

packages:

  '@vercel/analytics@2.0.1':
    resolution: {integrity: sha512-MTQG6V9qQrt1tsDeF+2Uoo5aPjqbVPys1xvnIftXSJYG2SrwXRHnqEvVoYID7BTruDz4lCd2Z7rM1BdkUehk2g==}
    peerDependencies:
      '@remix-run/react': ^2
      '@sveltejs/kit': ^1 || ^2
      next: '>= 13'
      nuxt: '>= 3'
      react: ^18 || ^19 || ^19.0.0-rc
      svelte: '>= 4'
      vue: ^3
      vue-router: ^4
    peerDependenciesMeta:
      '@remix-run/react':
        optional: true
      '@sveltejs/kit':
        optional: true
      next:
        optional: true
      nuxt:
        optional: true
      react:
        optional: true
      svelte:
        optional: true
      vue:
        optional: true
      vue-router:
        optional: true

  '@vercel/speed-insights@2.0.0':
    resolution: {integrity: sha512-jwkNcrTeafWxjmWq4AHBaptSqZiJkYU5adLC9QBSqeim0GcqDMgN5Ievh8OG1rJ6W3A4l1oiP7qr9CWxGuzu3w==}
    peerDependencies:
      '@sveltejs/kit': ^1 || ^2
      next: '>= 13'
      nuxt: '>= 3'
      react: ^18 || ^19 || ^19.0.0-rc
      svelte: '>= 4'
      vue: ^3
      vue-router: ^4
    peerDependenciesMeta:
      '@sveltejs/kit':
        optional: true
      next:
        optional: true
      nuxt:
        optional: true
      react:
        optional: true
      svelte:
        optional: true
      vue:
        optional: true
      vue-router:
        optional: true

  bleed@https://codeload.github.com/domneo/bleed/tar.gz/9d268eb13daef5898ca8e6c8b980c3b4a335c1b7:
    resolution: {gitHosted: true, integrity: sha512-/AT2xoDCPCHH9lF6uph7S8qBksfowKw+rSYHuBIu7ZQOdr0gc8bVqGNFuYBllBdRLGvdeSzpVXvwbuuq4AjLxg==, tarball: https://codeload.github.com/domneo/bleed/tar.gz/9d268eb13daef5898ca8e6c8b980c3b4a335c1b7}
    version: 1.0.0

snapshots:

  '@vercel/analytics@2.0.1': {}

  '@vercel/speed-insights@2.0.0': {}

  bleed@https://codeload.github.com/domneo/bleed/tar.gz/9d268eb13daef5898ca8e6c8b980c3b4a335c1b7: {}
